
Microsoft Visual Studio Solution File, Format Version 12.00
# Visual Studio Version 16
VisualStudioVersion = 16.0.31402.337
MinimumVisualStudioVersion = 10.0.40219.1
Project("{9A19103F-16F7-4668-BE54-9A1E7A4F7556}") = "Ej60BaseDeDatos", "Ej60BaseDeDatos\Ej60BaseDeDatos.csproj", "{5F070DE1-3EC0-4D49-9F65-C61F1C470483}"
EndProject
Project("{FAE04EC0-301F-11D3-BF4B-00C04F79EFBC}") = "ConsoleApp1", "ConsoleApp1\ConsoleApp1.csproj", "{635F13AF-96BE-4C6C-9202-95CD386495E3}"
EndProject
Global
	GlobalSection(SolutionConfigurationPlatforms) = preSolution
		Debug|Any CPU = Debug|Any CPU
		Release|Any CPU = Release|Any CPU
	EndGlobalSection
	GlobalSection(ProjectConfigurationPlatforms) = postSolution
		{5F070DE1-3EC0-4D49-9F65-C61F1C470483}.Debug|Any CPU.ActiveCfg = Debug|Any CPU
		{5F070DE1-3EC0-4D49-9F65-C61F1C470483}.Debug|Any CPU.Build.0 = Debug|Any CPU
		{5F070DE1-3EC0-4D49-9F65-C61F1C470483}.Release|Any CPU.ActiveCfg = Release|Any CPU
		{5F070DE1-3EC0-4D49-9F65-C61F1C470483}.Release|Any CPU.Build.0 = Release|Any CPU
		{635F13AF-96BE-4C6C-9202-95CD386495E3}.Debug|Any CPU.ActiveCfg = Debug|Any CPU
		{635F13AF-96BE-4C6C-9202-95CD386495E3}.Debug|Any CPU.Build.0 = Debug|Any CPU
		{635F13AF-96BE-4C6C-9202-95CD386495E3}.Release|Any CPU.ActiveCfg = Release|Any CPU
		{635F13AF-96BE-4C6C-9202-95CD386495E3}.Release|Any CPU.Build.0 = Release|Any CPU
	EndGlobalSection
	GlobalSection(SolutionProperties) = preSolution
		HideSolutionNode = FALSE
	EndGlobalSection
	GlobalSection(ExtensibilityGlobals) = postSolution
		SolutionGuid = {DD459D1B-4386-4383-91D8-89905247F5B0}
	EndGlobalSection
EndGlobal
