
Microsoft Visual Studio Solution File, Format Version 12.00
# Visual Studio Version 16
VisualStudioVersion = 16.0.31402.337
MinimumVisualStudioVersion = 10.0.40219.1
Project("{9A19103F-16F7-4668-BE54-9A1E7A4F7556}") = "Ej1", "Ej1\Ej1.csproj", "{19774C21-0530-4061-A7BE-C6D27C9575EE}"
EndProject
Project("{9A19103F-16F7-4668-BE54-9A1E7A4F7556}") = "Ej2", "Ej2\Ej2.csproj", "{CA46D7D8-C003-4B35-831B-EA53DC030488}"
EndProject
Project("{9A19103F-16F7-4668-BE54-9A1E7A4F7556}") = "Ej20", "Ej3\Ej20.csproj", "{CF80D3FB-344C-430A-8B0A-849B2DE39E59}"
EndProject
Project("{9A19103F-16F7-4668-BE54-9A1E7A4F7556}") = "Moneda", "Moneda\Moneda.csproj", "{D60889A6-167B-43AA-A8FC-400C9CC02E88}"
EndProject
Project("{9A19103F-16F7-4668-BE54-9A1E7A4F7556}") = "FormMoneda", "FormMoneda\FormMoneda.csproj", "{E180FDC1-C880-4B98-B71D-A2C09D32866C}"
EndProject
Project("{9A19103F-16F7-4668-BE54-9A1E7A4F7556}") = "TestProjectConversiones", "TestProjectConversiones\TestProjectConversiones.csproj", "{3FA5F5E4-3B53-4659-B290-090A59800604}"
EndProject
Project("{9A19103F-16F7-4668-BE54-9A1E7A4F7556}") = "ConsolaMoneda", "ConsolaMoneda\ConsolaMoneda.csproj", "{BA3F3869-FBCE-42A8-9ED2-71ABD32201FE}"
EndProject
Project("{9A19103F-16F7-4668-BE54-9A1E7A4F7556}") = "PruebaDelegados", "PruebaDelegados\PruebaDelegados.csproj", "{CF7EB29E-D418-4490-AE1D-791623093BF3}"
EndProject
Project("{9A19103F-16F7-4668-BE54-9A1E7A4F7556}") = "PruebaEventos", "PruebaEventos\PruebaEventos.csproj", "{4CAC937A-AC81-42B7-B97F-E1D3345CC81B}"
EndProject
Project("{9A19103F-16F7-4668-BE54-9A1E7A4F7556}") = "FormEventos", "FormEventos\FormEventos.csproj", "{EA7962E8-65AC-43A4-BDCC-D77C02A89B3A}"
EndProject
Project("{9A19103F-16F7-4668-BE54-9A1E7A4F7556}") = "PruebaHilos", "PruebaHilos\PruebaHilos.csproj", "{D90E53E3-892F-47FB-9BE2-CAF75F8B7327}"
EndProject
Project("{9A19103F-16F7-4668-BE54-9A1E7A4F7556}") = "PruebaTask", "PruebaTask\PruebaTask.csproj", "{6B55905F-8F8B-4CA2-9606-B61D488699CF}"
EndProject
Project("{9A19103F-16F7-4668-BE54-9A1E7A4F7556}") = "PruebaClaseParallel", "PruebaClaseParallel\PruebaClaseParallel.csproj", "{00880FD2-8951-4553-A536-3FCD47FCC91E}"
EndProject
Project("{9A19103F-16F7-4668-BE54-9A1E7A4F7556}") = "EjMetodosDeExtension", "EjMetodosDeExtension\EjMetodosDeExtension.csproj", "{997FA3FF-7EFB-4715-8404-E01B622E2436}"
EndProject
Project("{9A19103F-16F7-4668-BE54-9A1E7A4F7556}") = "EventosEj67", "EventosEj67\EventosEj67.csproj", "{07F40D7E-7C91-408D-AF49-84DF745EA991}"
EndProject
Project("{9A19103F-16F7-4668-BE54-9A1E7A4F7556}") = "EventosEj68", "EventosEj68\EventosEj68.csproj", "{908200AE-5149-40AD-985A-3F3366B231B4}"
EndProject
Project("{9A19103F-16F7-4668-BE54-9A1E7A4F7556}") = "Ej63Hilos", "Ej63Hilos\Ej63Hilos.csproj", "{C3169CF5-F7A7-4721-8A2C-9F022831AA34}"
EndProject
Project("{9A19103F-16F7-4668-BE54-9A1E7A4F7556}") = "Ej64Hilos}", "Ej64Hilos}\Ej64Hilos}.csproj", "{61F0D560-AAA4-48D3-ACA6-6882D54000B1}"
EndProject
Project("{9A19103F-16F7-4668-BE54-9A1E7A4F7556}") = "Ej57Serializacion", "Ej57Serializacion\Ej57Serializacion.csproj", "{D38A9A81-FB26-4966-80CC-41768A3EEB8E}"
EndProject
Project("{9A19103F-16F7-4668-BE54-9A1E7A4F7556}") = "Ej56Archivos", "Ej56Archivos\Ej56Archivos.csproj", "{FC493993-D4E6-4BAE-A60B-43E480675F5E}"
EndProject
Project("{9A19103F-16F7-4668-BE54-9A1E7A4F7556}") = "BibliotecaArchivosTexto", "BibliotecaArchivosTexto\BibliotecaArchivosTexto.csproj", "{71A218AD-AAC8-4BC4-A58D-9251D23C95A4}"
EndProject
Project("{FAE04EC0-301F-11D3-BF4B-00C04F79EFBC}") = "Ej50Interfaces", "Ej50Interfaces\Ej50Interfaces.csproj", "{12AACCC6-6414-4470-80DD-BCB8BDBF78C7}"
EndProject
Global
	GlobalSection(SolutionConfigurationPlatforms) = preSolution
		Debug|Any CPU = Debug|Any CPU
		Release|Any CPU = Release|Any CPU
	EndGlobalSection
	GlobalSection(ProjectConfigurationPlatforms) = postSolution
		{19774C21-0530-4061-A7BE-C6D27C9575EE}.Debug|Any CPU.ActiveCfg = Debug|Any CPU
		{19774C21-0530-4061-A7BE-C6D27C9575EE}.Debug|Any CPU.Build.0 = Debug|Any CPU
		{19774C21-0530-4061-A7BE-C6D27C9575EE}.Release|Any CPU.ActiveCfg = Release|Any CPU
		{19774C21-0530-4061-A7BE-C6D27C9575EE}.Release|Any CPU.Build.0 = Release|Any CPU
		{CA46D7D8-C003-4B35-831B-EA53DC030488}.Debug|Any CPU.ActiveCfg = Debug|Any CPU
		{CA46D7D8-C003-4B35-831B-EA53DC030488}.Debug|Any CPU.Build.0 = Debug|Any CPU
		{CA46D7D8-C003-4B35-831B-EA53DC030488}.Release|Any CPU.ActiveCfg = Release|Any CPU
		{CA46D7D8-C003-4B35-831B-EA53DC030488}.Release|Any CPU.Build.0 = Release|Any CPU
		{CF80D3FB-344C-430A-8B0A-849B2DE39E59}.Debug|Any CPU.ActiveCfg = Debug|Any CPU
		{CF80D3FB-344C-430A-8B0A-849B2DE39E59}.Debug|Any CPU.Build.0 = Debug|Any CPU
		{CF80D3FB-344C-430A-8B0A-849B2DE39E59}.Release|Any CPU.ActiveCfg = Release|Any CPU
		{CF80D3FB-344C-430A-8B0A-849B2DE39E59}.Release|Any CPU.Build.0 = Release|Any CPU
		{D60889A6-167B-43AA-A8FC-400C9CC02E88}.Debug|Any CPU.ActiveCfg = Debug|Any CPU
		{D60889A6-167B-43AA-A8FC-400C9CC02E88}.Debug|Any CPU.Build.0 = Debug|Any CPU
		{D60889A6-167B-43AA-A8FC-400C9CC02E88}.Release|Any CPU.ActiveCfg = Release|Any CPU
		{D60889A6-167B-43AA-A8FC-400C9CC02E88}.Release|Any CPU.Build.0 = Release|Any CPU
		{E180FDC1-C880-4B98-B71D-A2C09D32866C}.Debug|Any CPU.ActiveCfg = Debug|Any CPU
		{E180FDC1-C880-4B98-B71D-A2C09D32866C}.Debug|Any CPU.Build.0 = Debug|Any CPU
		{E180FDC1-C880-4B98-B71D-A2C09D32866C}.Release|Any CPU.ActiveCfg = Release|Any CPU
		{E180FDC1-C880-4B98-B71D-A2C09D32866C}.Release|Any CPU.Build.0 = Release|Any CPU
		{3FA5F5E4-3B53-4659-B290-090A59800604}.Debug|Any CPU.ActiveCfg = Debug|Any CPU
		{3FA5F5E4-3B53-4659-B290-090A59800604}.Debug|Any CPU.Build.0 = Debug|Any CPU
		{3FA5F5E4-3B53-4659-B290-090A59800604}.Release|Any CPU.ActiveCfg = Release|Any CPU
		{3FA5F5E4-3B53-4659-B290-090A59800604}.Release|Any CPU.Build.0 = Release|Any CPU
		{BA3F3869-FBCE-42A8-9ED2-71ABD32201FE}.Debug|Any CPU.ActiveCfg = Debug|Any CPU
		{BA3F3869-FBCE-42A8-9ED2-71ABD32201FE}.Debug|Any CPU.Build.0 = Debug|Any CPU
		{BA3F3869-FBCE-42A8-9ED2-71ABD32201FE}.Release|Any CPU.ActiveCfg = Release|Any CPU
		{BA3F3869-FBCE-42A8-9ED2-71ABD32201FE}.Release|Any CPU.Build.0 = Release|Any CPU
		{CF7EB29E-D418-4490-AE1D-791623093BF3}.Debug|Any CPU.ActiveCfg = Debug|Any CPU
		{CF7EB29E-D418-4490-AE1D-791623093BF3}.Debug|Any CPU.Build.0 = Debug|Any CPU
		{CF7EB29E-D418-4490-AE1D-791623093BF3}.Release|Any CPU.ActiveCfg = Release|Any CPU
		{CF7EB29E-D418-4490-AE1D-791623093BF3}.Release|Any CPU.Build.0 = Release|Any CPU
		{4CAC937A-AC81-42B7-B97F-E1D3345CC81B}.Debug|Any CPU.ActiveCfg = Debug|Any CPU
		{4CAC937A-AC81-42B7-B97F-E1D3345CC81B}.Debug|Any CPU.Build.0 = Debug|Any CPU
		{4CAC937A-AC81-42B7-B97F-E1D3345CC81B}.Release|Any CPU.ActiveCfg = Release|Any CPU
		{4CAC937A-AC81-42B7-B97F-E1D3345CC81B}.Release|Any CPU.Build.0 = Release|Any CPU
		{EA7962E8-65AC-43A4-BDCC-D77C02A89B3A}.Debug|Any CPU.ActiveCfg = Debug|Any CPU
		{EA7962E8-65AC-43A4-BDCC-D77C02A89B3A}.Debug|Any CPU.Build.0 = Debug|Any CPU
		{EA7962E8-65AC-43A4-BDCC-D77C02A89B3A}.Release|Any CPU.ActiveCfg = Release|Any CPU
		{EA7962E8-65AC-43A4-BDCC-D77C02A89B3A}.Release|Any CPU.Build.0 = Release|Any CPU
		{D90E53E3-892F-47FB-9BE2-CAF75F8B7327}.Debug|Any CPU.ActiveCfg = Debug|Any CPU
		{D90E53E3-892F-47FB-9BE2-CAF75F8B7327}.Debug|Any CPU.Build.0 = Debug|Any CPU
		{D90E53E3-892F-47FB-9BE2-CAF75F8B7327}.Release|Any CPU.ActiveCfg = Release|Any CPU
		{D90E53E3-892F-47FB-9BE2-CAF75F8B7327}.Release|Any CPU.Build.0 = Release|Any CPU
		{6B55905F-8F8B-4CA2-9606-B61D488699CF}.Debug|Any CPU.ActiveCfg = Debug|Any CPU
		{6B55905F-8F8B-4CA2-9606-B61D488699CF}.Debug|Any CPU.Build.0 = Debug|Any CPU
		{6B55905F-8F8B-4CA2-9606-B61D488699CF}.Release|Any CPU.ActiveCfg = Release|Any CPU
		{6B55905F-8F8B-4CA2-9606-B61D488699CF}.Release|Any CPU.Build.0 = Release|Any CPU
		{00880FD2-8951-4553-A536-3FCD47FCC91E}.Debug|Any CPU.ActiveCfg = Debug|Any CPU
		{00880FD2-8951-4553-A536-3FCD47FCC91E}.Debug|Any CPU.Build.0 = Debug|Any CPU
		{00880FD2-8951-4553-A536-3FCD47FCC91E}.Release|Any CPU.ActiveCfg = Release|Any CPU
		{00880FD2-8951-4553-A536-3FCD47FCC91E}.Release|Any CPU.Build.0 = Release|Any CPU
		{997FA3FF-7EFB-4715-8404-E01B622E2436}.Debug|Any CPU.ActiveCfg = Debug|Any CPU
		{997FA3FF-7EFB-4715-8404-E01B622E2436}.Debug|Any CPU.Build.0 = Debug|Any CPU
		{997FA3FF-7EFB-4715-8404-E01B622E2436}.Release|Any CPU.ActiveCfg = Release|Any CPU
		{997FA3FF-7EFB-4715-8404-E01B622E2436}.Release|Any CPU.Build.0 = Release|Any CPU
		{07F40D7E-7C91-408D-AF49-84DF745EA991}.Debug|Any CPU.ActiveCfg = Debug|Any CPU
		{07F40D7E-7C91-408D-AF49-84DF745EA991}.Debug|Any CPU.Build.0 = Debug|Any CPU
		{07F40D7E-7C91-408D-AF49-84DF745EA991}.Release|Any CPU.ActiveCfg = Release|Any CPU
		{07F40D7E-7C91-408D-AF49-84DF745EA991}.Release|Any CPU.Build.0 = Release|Any CPU
		{908200AE-5149-40AD-985A-3F3366B231B4}.Debug|Any CPU.ActiveCfg = Debug|Any CPU
		{908200AE-5149-40AD-985A-3F3366B231B4}.Debug|Any CPU.Build.0 = Debug|Any CPU
		{908200AE-5149-40AD-985A-3F3366B231B4}.Release|Any CPU.ActiveCfg = Release|Any CPU
		{908200AE-5149-40AD-985A-3F3366B231B4}.Release|Any CPU.Build.0 = Release|Any CPU
		{C3169CF5-F7A7-4721-8A2C-9F022831AA34}.Debug|Any CPU.ActiveCfg = Debug|Any CPU
		{C3169CF5-F7A7-4721-8A2C-9F022831AA34}.Debug|Any CPU.Build.0 = Debug|Any CPU
		{C3169CF5-F7A7-4721-8A2C-9F022831AA34}.Release|Any CPU.ActiveCfg = Release|Any CPU
		{C3169CF5-F7A7-4721-8A2C-9F022831AA34}.Release|Any CPU.Build.0 = Release|Any CPU
		{61F0D560-AAA4-48D3-ACA6-6882D54000B1}.Debug|Any CPU.ActiveCfg = Debug|Any CPU
		{61F0D560-AAA4-48D3-ACA6-6882D54000B1}.Debug|Any CPU.Build.0 = Debug|Any CPU
		{61F0D560-AAA4-48D3-ACA6-6882D54000B1}.Release|Any CPU.ActiveCfg = Release|Any CPU
		{61F0D560-AAA4-48D3-ACA6-6882D54000B1}.Release|Any CPU.Build.0 = Release|Any CPU
		{D38A9A81-FB26-4966-80CC-41768A3EEB8E}.Debug|Any CPU.ActiveCfg = Debug|Any CPU
		{D38A9A81-FB26-4966-80CC-41768A3EEB8E}.Debug|Any CPU.Build.0 = Debug|Any CPU
		{D38A9A81-FB26-4966-80CC-41768A3EEB8E}.Release|Any CPU.ActiveCfg = Release|Any CPU
		{D38A9A81-FB26-4966-80CC-41768A3EEB8E}.Release|Any CPU.Build.0 = Release|Any CPU
		{FC493993-D4E6-4BAE-A60B-43E480675F5E}.Debug|Any CPU.ActiveCfg = Debug|Any CPU
		{FC493993-D4E6-4BAE-A60B-43E480675F5E}.Debug|Any CPU.Build.0 = Debug|Any CPU
		{FC493993-D4E6-4BAE-A60B-43E480675F5E}.Release|Any CPU.ActiveCfg = Release|Any CPU
		{FC493993-D4E6-4BAE-A60B-43E480675F5E}.Release|Any CPU.Build.0 = Release|Any CPU
		{71A218AD-AAC8-4BC4-A58D-9251D23C95A4}.Debug|Any CPU.ActiveCfg = Debug|Any CPU
		{71A218AD-AAC8-4BC4-A58D-9251D23C95A4}.Debug|Any CPU.Build.0 = Debug|Any CPU
		{71A218AD-AAC8-4BC4-A58D-9251D23C95A4}.Release|Any CPU.ActiveCfg = Release|Any CPU
		{71A218AD-AAC8-4BC4-A58D-9251D23C95A4}.Release|Any CPU.Build.0 = Release|Any CPU
		{12AACCC6-6414-4470-80DD-BCB8BDBF78C7}.Debug|Any CPU.ActiveCfg = Debug|Any CPU
		{12AACCC6-6414-4470-80DD-BCB8BDBF78C7}.Debug|Any CPU.Build.0 = Debug|Any CPU
		{12AACCC6-6414-4470-80DD-BCB8BDBF78C7}.Release|Any CPU.ActiveCfg = Release|Any CPU
		{12AACCC6-6414-4470-80DD-BCB8BDBF78C7}.Release|Any CPU.Build.0 = Release|Any CPU
	EndGlobalSection
	GlobalSection(SolutionProperties) = preSolution
		HideSolutionNode = FALSE
	EndGlobalSection
	GlobalSection(ExtensibilityGlobals) = postSolution
		SolutionGuid = {DBC59474-5702-455E-ABFC-F8A5FEA27F02}
	EndGlobalSection
EndGlobal
